<?xml version="1.0" encoding="UTF-8" standalone="yes" ?>
<CodeBlocks_project_file>
	<FileVersion major="1" minor="6" />
	<Project>
		<Option title="TPI-PROG2-G16" />
		<Option pch_mode="2" />
		<Option compiler="gcc" />
		<Build>
			<Target title="Debug">
				<Option output="bin/Debug/TPI-PROG2-G16" prefix_auto="1" extension_auto="1" />
				<Option object_output="obj/Debug/" />
				<Option type="1" />
				<Option compiler="gcc" />
				<Compiler>
					<Add option="-g" />
					<Add directory="../TPI-PROG2-G16" />
				</Compiler>
			</Target>
			<Target title="Release">
				<Option output="bin/Release/TPI-PROG2-G16" prefix_auto="1" extension_auto="1" />
				<Option object_output="obj/Release/" />
				<Option type="1" />
				<Option compiler="gcc" />
				<Compiler>
					<Add option="-O2" />
					<Add directory="../TPI-PROG2-G16" />
				</Compiler>
				<Linker>
					<Add option="-s" />
				</Linker>
			</Target>
		</Build>
		<Compiler>
			<Add option="-Wall" />
			<Add option="-fexceptions" />
		</Compiler>
		<Unit filename="Consultas.cpp" />
		<Unit filename="Consultas.h" />
		<Unit filename="Fecha.cpp" />
		<Unit filename="Fecha.h" />
		<Unit filename="Informes.cpp" />
		<Unit filename="Informes.h" />
		<Unit filename="Listados.cpp" />
		<Unit filename="Listados.h" />
		<Unit filename="Persona.cpp" />
		<Unit filename="Persona.h" />
		<Unit filename="Producto.cpp" />
		<Unit filename="Producto.h" />
		<Unit filename="ProductoTIcket.h" />
		<Unit filename="ProductoTicket.cpp" />
		<Unit filename="Ticket.cpp" />
		<Unit filename="Ticket.h" />
		<Unit filename="archivoProducto.cpp" />
		<Unit filename="archivoProducto.h" />
		<Unit filename="archivoProveedor.cpp" />
		<Unit filename="archivoProveedor.h" />
		<Unit filename="globales.cpp" />
		<Unit filename="globales.h" />
		<Unit filename="main.cpp" />
		<Unit filename="menu.cpp" />
		<Unit filename="menu.h" />
		<Unit filename="menuEjecutions.cpp" />
		<Unit filename="menuManager.cpp" />
		<Unit filename="menuNavigator.cpp" />
		<Extensions>
			<lib_finder disable_auto="1" />
		</Extensions>
	</Project>
</CodeBlocks_project_file>
